schema: smc.agent-skills.lock.v1

source:
  repository: addyosmani/agent-skills
  version: 0.6.7
  commit: df1edb2e05487d0aa6d93c747141e0aed1187f25

skills:
  - using-agent-skills
  - context-engineering
  - spec-driven-development
  - planning-and-task-breakdown
  - source-driven-development
  - doubt-driven-development
  - incremental-implementation
  - test-driven-development
  - code-review-and-quality
  - code-simplification
  - deprecation-and-migration
  - ci-cd-and-automation
